github.com/gvallee/go_exec v1.2.2 h1:0gWUN/zHAl6bZiLBSNAtBtwD1GvUBOavpM9Lnp7ke+A=
github.com/gvallee/go_exec v1.2.2/go.mod h1:lmOyPu3oseS+RDHpd/AEJD4x/XWEPVYsQ+A++uoeLdM=
github.com/gvallee/go_module v1.0.1 h1:Q2kaXJ++cFkz1hcNumdxhqlEqGt7/iqjP6ZOMCV5gKY=
github.com/gvallee/go_module v1.0.1/go.mod h1:Lo2tHw4Yr18NWPFZYKeAGcf91BwzOC7ubt0ke/4mvaE=
github.com/gvallee/go_software_build v1.4.2 h1:JwiRGep4tIyCM5Y0+j//4W8IG5KlyLit3tIgNHjqkrY=
github.com/gvallee/go_software_build v1.4.2/go.mod h1:XEWDhofOHFBW7XXFbfJ9GV7DO/QDTGFjrrOspD6ISdo=
github.com/gvallee/go_util v1.6.0 h1:5DePkZ1UPXtAzbX54RMDHDzUchc4d/ZW7AkXZ4ubCz0=
github.com/gvallee/go_util v1.6.0/go.mod h1:fTexpwdH/n05Ziu0TXJIQsr7E+46QpBxNdeOOsyC0/s=
github.com/gvallee/kv v1.0.0 h1:QE3Ua8JewroqJqc+J9RWtL7KUu7rQmfLfxlBVY5t1ko=
github.com/gvallee/kv v1.0.0/go.mod h1:sfSclfFfLV+Y+9e9FayIbBUOtvbt1779S6q52bSSU5E=
